// !$*UTF8*$!
{
	archiveVersion = 1;
	classes = {
	};
	objectVersion = 56;
	objects = {

/* Begin PBXBuildFile section */
		947303C82A4FF4F900A3C094 /* AppDelegate.swift in Sources */ = {isa = PBXBuildFile; fileRef = 947303C72A4FF4F900A3C094 /* AppDelegate.swift */; };
		947303CA2A4FF4F900A3C094 /* SceneDelegate.swift in Sources */ = {isa = PBXBuildFile; fileRef = 947303C92A4FF4F900A3C094 /* SceneDelegate.swift */; };
		947303CC2A4FF4F900A3C094 /* ViewController.swift in Sources */ = {isa = PBXBuildFile; fileRef = 947303CB2A4FF4F900A3C094 /* ViewController.swift */; };
		947303CF2A4FF4F900A3C094 /* Main.storyboard in Resources */ = {isa = PBXBuildFile; fileRef = 947303CD2A4FF4F900A3C094 /* Main.storyboard */; };
		947303D12A4FF4FB00A3C094 /* Assets.xcassets in Resources */ = {isa = PBXBuildFile; fileRef = 947303D02A4FF4FB00A3C094 /* Assets.xcassets */; };
		947303D42A4FF4FB00A3C094 /* LaunchScreen.storyboard in Resources */ = {isa = PBXBuildFile; fileRef = 947303D22A4FF4FB00A3C094 /* LaunchScreen.storyboard */; };
		947303DC2A4FF54200A3C094 /* CartoonPerson.swift in Sources */ = {isa = PBXBuildFile; fileRef = 947303DB2A4FF54200A3C094 /* CartoonPerson.swift */; };
		947303DF2A4FFF1700A3C094 /* Links.swift in Sources */ = {isa = PBXBuildFile; fileRef = 947303DE2A4FFF1600A3C094 /* Links.swift */; };
/* End PBXBuildFile section */

/* Begin PBXFileReference section */
		947303C42A4FF4F900A3C094 /* iNequest.app */ = {isa = PBXFileReference; explicitFileType = wrapper.application; includeInIndex = 0; path = iNequest.app; sourceTree = BUILT_PRODUCTS_DIR; };
		947303C72A4FF4F900A3C094 /* AppDelegate.swift */ = {isa = PBXFileReference; lastKnownFileType = sourcecode.swift; path = AppDelegate.swift; sourceTree = "<group>"; };
		947303C92A4FF4F900A3C094 /* SceneDelegate.swift */ = {isa = PBXFileReference; lastKnownFileType = sourcecode.swift; path = SceneDelegate.swift; sourceTree = "<group>"; };
		947303CB2A4FF4F900A3C094 /* ViewController.swift */ = {isa = PBXFileReference; lastKnownFileType = sourcecode.swift; path = ViewController.swift; sourceTree = "<group>"; };
		947303CE2A4FF4F900A3C094 /* Base */ = {isa = PBXFileReference; lastKnownFileType = file.storyboard; name = Base; path = Base.lproj/Main.storyboard; sourceTree = "<group>"; };
		947303D02A4FF4FB00A3C094 /* Assets.xcassets */ = {isa = PBXFileReference; lastKnownFileType = folder.assetcatalog; path = Assets.xcassets; sourceTree = "<group>"; };
		947303D32A4FF4FB00A3C094 /* Base */ = {isa = PBXFileReference; lastKnownFileType = file.storyboard; name = Base; path = Base.lproj/LaunchScreen.storyboard; sourceTree = "<group>"; };
		947303D52A4FF4FB00A3C094 /* Info.plist */ = {isa = PBXFileReference; lastKnownFileType = text.plist.xml; path = Info.plist; sourceTree = "<group>"; };
		947303DB2A4FF54200A3C094 /* CartoonPerson.swift */ = {isa = PBXFileReference; lastKnownFileType = sourcecode.swift; path = CartoonPerson.swift; sourceTree = "<group>"; };
		947303DE2A4FFF1600A3C094 /* Links.swift */ = {isa = PBXFileReference; lastKnownFileType = sourcecode.swift; path = Links.swift; sourceTree = "<group>"; };
/* End PBXFileReference section */

/* Begin PBXFrameworksBuildPhase section */
		947303C12A4FF4F900A3C094 /* Frameworks */ = {
			isa = PBXFrameworksBuildPhase;
			buildActionMask = 2147483647;
			files = (
			);
			runOnlyForDeploymentPostprocessing = 0;
		};
/* End PBXFrameworksBuildPhase section */

/* Begin PBXGroup section */
		947303BB2A4FF4F900A3C094 = {
			isa = PBXGroup;
			children = (
				947303C62A4FF4F900A3C094 /* iNequest */,
				947303C52A4FF4F900A3C094 /* Products */,
			);
			sourceTree = "<group>";
		};
		947303C52A4FF4F900A3C094 /* Products */ = {
			isa = PBXGroup;
			children = (
				947303C42A4FF4F900A3C094 /* iNequest.app */,
			);
			name = Products;
			sourceTree = "<group>";
		};
		947303C62A4FF4F900A3C094 /* iNequest */ = {
			isa = PBXGroup;
			children = (
				947303E12A50003B00A3C094 /* App */,
				947303DD2A4FFDB300A3C094 /* Model */,
				947303E42A50006300A3C094 /* ViewControllers */,
				947303E02A50002E00A3C094 /* NetData */,
				947303E22A50004500A3C094 /* Storyboards */,
				947303E32A50005200A3C094 /* Resources */,
				947303D52A4FF4FB00A3C094 /* Info.plist */,
			);
			path = iNequest;
			sourceTree = "<group>";
		};
		947303DD2A4FFDB300A3C094 /* Model */ = {
			isa = PBXGroup;
			children = (
				947303DB2A4FF54200A3C094 /* CartoonPerson.swift */,
			);
			path = Model;
			sourceTree = "<group>";
		};
		947303E02A50002E00A3C094 /* NetData */ = {
			isa = PBXGroup;
			children = (
				947303DE2A4FFF1600A3C094 /* Links.swift */,
			);
			path = NetData;
			sourceTree = "<group>";
		};
		947303E12A50003B00A3C094 /* App */ = {
			isa = PBXGroup;
			children = (
				947303C72A4FF4F900A3C094 /* AppDelegate.swift */,
				947303C92A4FF4F900A3C094 /* SceneDelegate.swift */,
			);
			path = App;
			sourceTree = "<group>";
		};
		947303E22A50004500A3C094 /* Storyboards */ = {
			isa = PBXGroup;
			children = (
				947303CD2A4FF4F900A3C094 /* Main.storyboard */,
				947303D22A4FF4FB00A3C094 /* LaunchScreen.storyboard */,
			);
			path = Storyboards;
			sourceTree = "<group>";
		};
		947303E32A50005200A3C094 /* Resources */ = {
			isa = PBXGroup;
			children = (
				947303D02A4FF4FB00A3C094 /* Assets.xcassets */,
			);
			path = Resources;
			sourceTree = "<group>";
		};
		947303E42A50006300A3C094 /* ViewControllers */ = {
			isa = PBXGroup;
			children = (
				947303CB2A4FF4F900A3C094 /* ViewController.swift */,
			);
			path = ViewControllers;
			sourceTree = "<group>";
		};
/* End PBXGroup section */

/* Begin PBXNativeTarget section */
		947303C32A4FF4F900A3C094 /* iNequest */ = {
			isa = PBXNativeTarget;
			buildConfigurationList = 947303D82A4FF4FB00A3C094 /* Build configuration list for PBXNativeTarget "iNequest" */;
			buildPhases = (
				947303C02A4FF4F900A3C094 /* Sources */,
				947303C12A4FF4F900A3C094 /* Frameworks */,
				947303C22A4FF4F900A3C094 /* Resources */,
			);
			buildRules = (
			);
			dependencies = (
			);
			name = iNequest;
			productName = iNequest;
			productReference = 947303C42A4FF4F900A3C094 /* iNequest.app */;
			productType = "com.apple.product-type.application";
		};
/* End PBXNativeTarget section */

/* Begin PBXProject section */
		947303BC2A4FF4F900A3C094 /* Project object */ = {
			isa = PBXProject;
			attributes = {
				BuildIndependentTargetsInParallel = 1;
				LastSwiftUpdateCheck = 1430;
				LastUpgradeCheck = 1430;
				TargetAttributes = {
					947303C32A4FF4F900A3C094 = {
						CreatedOnToolsVersion = 14.3;
					};
				};
			};
			buildConfigurationList = 947303BF2A4FF4F900A3C094 /* Build configuration list for PBXProject "iNequest" */;
			compatibilityVersion = "Xcode 14.0";
			developmentRegion = en;
			hasScannedForEncodings = 0;
			knownRegions = (
				en,
				Base,
			);
			mainGroup = 947303BB2A4FF4F900A3C094;
			productRefGroup = 947303C52A4FF4F900A3C094 /* Products */;
			projectDirPath = "";
			projectRoot = "";
			targets = (
				947303C32A4FF4F900A3C094 /* iNequest */,
			);
		};
/* End PBXProject section */

/* Begin PBXResourcesBuildPhase section */
		947303C22A4FF4F900A3C094 /* Resources */ = {
			isa = PBXResourcesBuildPhase;
			buildActionMask = 2147483647;
			files = (
				947303D42A4FF4FB00A3C094 /* LaunchScreen.storyboard in Resources */,
				947303D12A4FF4FB00A3C094 /* Assets.xcassets in Resources */,
				947303CF2A4FF4F900A3C094 /* Main.storyboard in Resources */,
			);
			runOnlyForDeploymentPostprocessing = 0;
		};
/* End PBXResourcesBuildPhase section */

/* Begin PBXSourcesBuildPhase section */
		947303C02A4FF4F900A3C094 /* Sources */ = {
			isa = PBXSourcesBuildPhase;
			buildActionMask = 2147483647;
			files = (
				947303CC2A4FF4F900A3C094 /* ViewController.swift in Sources */,
				947303C82A4FF4F900A3C094 /* AppDelegate.swift in Sources */,
				947303DF2A4FFF1700A3C094 /* Links.swift in Sources */,
				947303CA2A4FF4F900A3C094 /* SceneDelegate.swift in Sources */,
				947303DC2A4FF54200A3C094 /* CartoonPerson.swift in Sources */,
			);
			runOnlyForDeploymentPostprocessing = 0;
		};
/* End PBXSourcesBuildPhase section */

/* Begin PBXVariantGroup section */
		947303CD2A4FF4F900A3C094 /* Main.storyboard */ = {
			isa = PBXVariantGroup;
			children = (
				947303CE2A4FF4F900A3C094 /* Base */,
			);
			name = Main.storyboard;
			sourceTree = "<group>";
		};
		947303D22A4FF4FB00A3C094 /* LaunchScreen.storyboard */ = {
			isa = PBXVariantGroup;
			children = (
				947303D32A4FF4FB00A3C094 /* Base */,
			);
			name = LaunchScreen.storyboard;
			sourceTree = "<group>";
		};
/* End PBXVariantGroup section */

/* Begin XCBuildConfiguration section */
		947303D62A4FF4FB00A3C094 /* Debug */ = {
			isa = XCBuildConfiguration;
			buildSettings = {
				ALWAYS_SEARCH_USER_PATHS = NO;
				CLANG_ANALYZER_NONNULL = YES;
				CLANG_ANALYZER_NUMBER_OBJECT_CONVERSION = YES_AGGRESSIVE;
				CLANG_CXX_LANGUAGE_STANDARD = "gnu++20";
				CLANG_ENABLE_MODULES = YES;
				CLANG_ENABLE_OBJC_ARC = YES;
				CLANG_ENABLE_OBJC_WEAK = YES;
				CLANG_WARN_BLOCK_CAPTURE_AUTORELEASING = YES;
				CLANG_WARN_BOOL_CONVERSION = YES;
				CLANG_WARN_COMMA = YES;
				CLANG_WARN_CONSTANT_CONVERSION = YES;
				CLANG_WARN_DEPRECATED_OBJC_IMPLEMENTATIONS = YES;
				CLANG_WARN_DIRECT_OBJC_ISA_USAGE = YES_ERROR;
				CLANG_WARN_DOCUMENTATION_COMMENTS = YES;
				CLANG_WARN_EMPTY_BODY = YES;
				CLANG_WARN_ENUM_CONVERSION = YES;
				CLANG_WARN_INFINITE_RECURSION = YES;
				CLANG_WARN_INT_CONVERSION = YES;
				CLANG_WARN_NON_LITERAL_NULL_CONVERSION = YES;
				CLANG_WARN_OBJC_IMPLICIT_RETAIN_SELF = YES;
				CLANG_WARN_OBJC_LITERAL_CONVERSION = YES;
				CLANG_WARN_OBJC_ROOT_CLASS = YES_ERROR;
				CLANG_WARN_QUOTED_INCLUDE_IN_FRAMEWORK_HEADER = YES;
				CLANG_WARN_RANGE_LOOP_ANALYSIS = YES;
				CLANG_WARN_STRICT_PROTOTYPES = YES;
				CLANG_WARN_SUSPICIOUS_MOVE = YES;
				CLANG_WARN_UNGUARDED_AVAILABILITY = YES_AGGRESSIVE;
				CLANG_WARN_UNREACHABLE_CODE = YES;
				CLANG_WARN__DUPLICATE_METHOD_MATCH = YES;
				COPY_PHASE_STRIP = NO;
				DEBUG_INFORMATION_FORMAT = dwarf;
				ENABLE_STRICT_OBJC_MSGSEND = YES;
				ENABLE_TESTABILITY = YES;
				GCC_C_LANGUAGE_STANDARD = gnu11;
				GCC_DYNAMIC_NO_PIC = NO;
				GCC_NO_COMMON_BLOCKS = YES;
				GCC_OPTIMIZATION_LEVEL = 0;
				GCC_PREPROCESSOR_DEFINITIONS = (
					"DEBUG=1",
					"$(inherited)",
				);
				GCC_WARN_64_TO_32_BIT_CONVERSION = YES;
				GCC_WARN_ABOUT_RETURN_TYPE = YES_ERROR;
				GCC_WARN_UNDECLARED_SELECTOR = YES;
				GCC_WARN_UNINITIALIZED_AUTOS = YES_AGGRESSIVE;
				GCC_WARN_UNUSED_FUNCTION = YES;
				GCC_WARN_UNUSED_VARIABLE = YES;
				IPHONEOS_DEPLOYMENT_TARGET = 16.4;
				MTL_ENABLE_DEBUG_INFO = INCLUDE_SOURCE;
				MTL_FAST_MATH = YES;
				ONLY_ACTIVE_ARCH = YES;
				SDKROOT = iphoneos;
				SWIFT_ACTIVE_COMPILATION_CONDITIONS = DEBUG;
				SWIFT_OPTIMIZATION_LEVEL = "-Onone";
			};
			name = Debug;
		};
		947303D72A4FF4FB00A3C094 /* Release */ = {
			isa = XCBuildConfiguration;
			buildSettings = {
				ALWAYS_SEARCH_USER_PATHS = NO;
				CLANG_ANALYZER_NONNULL = YES;
				CLANG_ANALYZER_NUMBER_OBJECT_CONVERSION = YES_AGGRESSIVE;
				CLANG_CXX_LANGUAGE_STANDARD = "gnu++20";
				CLANG_ENABLE_MODULES = YES;
				CLANG_ENABLE_OBJC_ARC = YES;
				CLANG_ENABLE_OBJC_WEAK = YES;
				CLANG_WARN_BLOCK_CAPTURE_AUTORELEASING = YES;
				CLANG_WARN_BOOL_CONVERSION = YES;
				CLANG_WARN_COMMA = YES;
				CLANG_WARN_CONSTANT_CONVERSION = YES;
				CLANG_WARN_DEPRECATED_OBJC_IMPLEMENTATIONS = YES;
				CLANG_WARN_DIRECT_OBJC_ISA_USAGE = YES_ERROR;
				CLANG_WARN_DOCUMENTATION_COMMENTS = YES;
				CLANG_WARN_EMPTY_BODY = YES;
				CLANG_WARN_ENUM_CONVERSION = YES;
				CLANG_WARN_INFINITE_RECURSION = YES;
				CLANG_WARN_INT_CONVERSION = YES;
				CLANG_WARN_NON_LITERAL_NULL_CONVERSION = YES;
				CLANG_WARN_OBJC_IMPLICIT_RETAIN_SELF = YES;
				CLANG_WARN_OBJC_LITERAL_CONVERSION = YES;
				CLANG_WARN_OBJC_ROOT_CLASS = YES_ERROR;
				CLANG_WARN_QUOTED_INCLUDE_IN_FRAMEWORK_HEADER = YES;
				CLANG_WARN_RANGE_LOOP_ANALYSIS = YES;
				CLANG_WARN_STRICT_PROTOTYPES = YES;
				CLANG_WARN_SUSPICIOUS_MOVE = YES;
				CLANG_WARN_UNGUARDED_AVAILABILITY = YES_AGGRESSIVE;
				CLANG_WARN_UNREACHABLE_CODE = YES;
				CLANG_WARN__DUPLICATE_METHOD_MATCH = YES;
				COPY_PHASE_STRIP = NO;
				DEBUG_INFORMATION_FORMAT = "dwarf-with-dsym";
				ENABLE_NS_ASSERTIONS = NO;
				ENABLE_STRICT_OBJC_MSGSEND = YES;
				GCC_C_LANGUAGE_STANDARD = gnu11;
				GCC_NO_COMMON_BLOCKS = YES;
				GCC_WARN_64_TO_32_BIT_CONVERSION = YES;
				GCC_WARN_ABOUT_RETURN_TYPE = YES_ERROR;
				GCC_WARN_UNDECLARED_SELECTOR = YES;
				GCC_WARN_UNINITIALIZED_AUTOS = YES_AGGRESSIVE;
				GCC_WARN_UNUSED_FUNCTION = YES;
				GCC_WARN_UNUSED_VARIABLE = YES;
				IPHONEOS_DEPLOYMENT_TARGET = 16.4;
				MTL_ENABLE_DEBUG_INFO = NO;
				MTL_FAST_MATH = YES;
				SDKROOT = iphoneos;
				SWIFT_COMPILATION_MODE = wholemodule;
				SWIFT_OPTIMIZATION_LEVEL = "-O";
				VALIDATE_PRODUCT = YES;
			};
			name = Release;
		};
		947303D92A4FF4FB00A3C094 /* Debug */ = {
			isa = XCBuildConfiguration;
			buildSettings = {
				ASSETCATALOG_COMPILER_APPICON_NAME = AppIcon;
				ASSETCATALOG_COMPILER_GLOBAL_ACCENT_COLOR_NAME = AccentColor;
				CODE_SIGN_STYLE = Automatic;
				CURRENT_PROJECT_VERSION = 1;
				GENERATE_INFOPLIST_FILE = YES;
				INFOPLIST_FILE = iNequest/Info.plist;
				INFOPLIST_KEY_UIApplicationSupportsIndirectInputEvents = YES;
				INFOPLIST_KEY_UILaunchStoryboardName = LaunchScreen;
				INFOPLIST_KEY_UIMainStoryboardFile = Main;
				INFOPLIST_KEY_UISupportedInterfaceOrientations_iPad = "UIInterfaceOrientationPortrait UIInterfaceOrientationPortraitUpsideDown UIInterfaceOrientationLandscapeLeft UIInterfaceOrientationLandscapeRight";
				INFOPLIST_KEY_UISupportedInterfaceOrientations_iPhone = "UIInterfaceOrientationPortrait UIInterfaceOrientationLandscapeLeft UIInterfaceOrientationLandscapeRight";
				LD_RUNPATH_SEARCH_PATHS = (
					"$(inherited)",
					"@executable_path/Frameworks",
				);
				MARKETING_VERSION = 1.0;
				PRODUCT_BUNDLE_IDENTIFIER = ArtemyDerik.iNequest;
				PRODUCT_NAME = "$(TARGET_NAME)";
				SUPPORTED_PLATFORMS = "iphoneos iphonesimulator";
				SUPPORTS_MACCATALYST = NO;
				SUPPORTS_MAC_DESIGNED_FOR_IPHONE_IPAD = NO;
				SWIFT_EMIT_LOC_STRINGS = YES;
				SWIFT_VERSION = 5.0;
				TARGETED_DEVICE_FAMILY = 1;
			};
			name = Debug;
		};
		947303DA2A4FF4FB00A3C094 /* Release */ = {
			isa = XCBuildConfiguration;
			buildSettings = {
				ASSETCATALOG_COMPILER_APPICON_NAME = AppIcon;
				ASSETCATALOG_COMPILER_GLOBAL_ACCENT_COLOR_NAME = AccentColor;
				CODE_SIGN_STYLE = Automatic;
				CURRENT_PROJECT_VERSION = 1;
				GENERATE_INFOPLIST_FILE = YES;
				INFOPLIST_FILE = iNequest/Info.plist;
				INFOPLIST_KEY_UIApplicationSupportsIndirectInputEvents = YES;
				INFOPLIST_KEY_UILaunchStoryboardName = LaunchScreen;
				INFOPLIST_KEY_UIMainStoryboardFile = Main;
				INFOPLIST_KEY_UISupportedInterfaceOrientations_iPad = "UIInterfaceOrientationPortrait UIInterfaceOrientationPortraitUpsideDown UIInterfaceOrientationLandscapeLeft UIInterfaceOrientationLandscapeRight";
				INFOPLIST_KEY_UISupportedInterfaceOrientations_iPhone = "UIInterfaceOrientationPortrait UIInterfaceOrientationLandscapeLeft UIInterfaceOrientationLandscapeRight";
				LD_RUNPATH_SEARCH_PATHS = (
					"$(inherited)",
					"@executable_path/Frameworks",
				);
				MARKETING_VERSION = 1.0;
				PRODUCT_BUNDLE_IDENTIFIER = ArtemyDerik.iNequest;
				PRODUCT_NAME = "$(TARGET_NAME)";
				SUPPORTED_PLATFORMS = "iphoneos iphonesimulator";
				SUPPORTS_MACCATALYST = NO;
				SUPPORTS_MAC_DESIGNED_FOR_IPHONE_IPAD = NO;
				SWIFT_EMIT_LOC_STRINGS = YES;
				SWIFT_VERSION = 5.0;
				TARGETED_DEVICE_FAMILY = 1;
			};
			name = Release;
		};
/* End XCBuildConfiguration section */

/* Begin XCConfigurationList section */
		947303BF2A4FF4F900A3C094 /* Build configuration list for PBXProject "iNequest" */ = {
			isa = XCConfigurationList;
			buildConfigurations = (
				947303D62A4FF4FB00A3C094 /* Debug */,
				947303D72A4FF4FB00A3C094 /* Release */,
			);
			defaultConfigurationIsVisible = 0;
			defaultConfigurationName = Release;
		};
		947303D82A4FF4FB00A3C094 /* Build configuration list for PBXNativeTarget "iNequest" */ = {
			isa = XCConfigurationList;
			buildConfigurations = (
				947303D92A4FF4FB00A3C094 /* Debug */,
				947303DA2A4FF4FB00A3C094 /* Release */,
			);
			defaultConfigurationIsVisible = 0;
			defaultConfigurationName = Release;
		};
/* End XCConfigurationList section */
	};
	rootObject = 947303BC2A4FF4F900A3C094 /* Project object */;
}
